Microsoft Visual Studio Solution File, Format Version 8.00
Project("{FAE04EC0-301F-11D3-BF4B-00C04F79EFBC}") = "SchemaValidate", "SchemaValidate\SchemaValidate.csproj", "{B0937210-BC64-4A08-8443-74C4988963A0}"
	ProjectSection(ProjectDependencies) = postProject
	EndProjectSection
EndProject
Global
	GlobalSection(SolutionConfiguration) = preSolution
		Debug = Debug
		Release = Release
	EndGlobalSection
	GlobalSection(ProjectConfiguration) = postSolution
		{B0937210-BC64-4A08-8443-74C4988963A0}.Debug.ActiveCfg = Debug|.NET
		{B0937210-BC64-4A08-8443-74C4988963A0}.Debug.Build.0 = Debug|.NET
		{B0937210-BC64-4A08-8443-74C4988963A0}.Release.ActiveCfg = Release|.NET
		{B0937210-BC64-4A08-8443-74C4988963A0}.Release.Build.0 = Release|.NET
	EndGlobalSection
	GlobalSection(ExtensibilityGlobals) = postSolution
	EndGlobalSection
	GlobalSection(ExtensibilityAddIns) = postSolution
	EndGlobalSection
EndGlobal
